{
  "originHash" : "044906b8b5c8c9cb660736fe132393d468986827c14786a450c0df01e504bb98",
  "pins" : [
    {
      "identity" : "swift-docc-plugin",
      "kind" : "remoteSourceControl",
      "location" : "https://github.com/apple/swift-docc-plugin",
      "state" : {
        "revision" : "647c708be89f834fa6a6d4945442793a77ddf5b6",
        "version" : "1.5.0"
      }
    },
    {
      "identity" : "swift-docc-symbolkit",
      "kind" : "remoteSourceControl",
      "location" : "https://github.com/swiftlang/swift-docc-symbolkit",
      "state" : {
        "revision" : "b45d1f2ed151d057b54504d653e0da5552844e34",
        "version" : "1.0.0"
      }
    },
    {
      "identity" : "swift-filestreamer",
      "kind" : "remoteSourceControl",
      "location" : "https://github.com/sersoft-gmbh/swift-filestreamer",
      "state" : {
        "revision" : "4111650d3620389a058ee40a7d2f123a7e50f224",
        "version" : "0.11.2"
      }
    },
    {
      "identity" : "swift-system",
      "kind" : "remoteSourceControl",
      "location" : "https://github.com/apple/swift-system",
      "state" : {
        "revision" : "704705c5c51156ede21172a38654d522ce487074",
        "version" : "1.8.0"
      }
    }
  ],
  "version" : 3
}
