{
  "pins" : [
    {
      "identity" : "swift-filestreamer",
      "kind" : "remoteSourceControl",
      "location" : "https://github.com/sersoft-gmbh/swift-filestreamer.git",
      "state" : {
        "revision" : "d816abfa361c2e9d4b647772f91f9e1a2b2c6a28",
        "version" : "0.4.1"
      }
    },
    {
      "identity" : "swift-system",
      "kind" : "remoteSourceControl",
      "location" : "https://github.com/apple/swift-system.git",
      "state" : {
        "revision" : "836bc4557b74fe6d2660218d56e3ce96aff76574",
        "version" : "1.1.1"
      }
    }
  ],
  "version" : 2
}
